PODS:
  - KPFrameworkObjC (1.1.6):
    - Reachability (~> 3.2)
  - Reachability (3.2)

DEPENDENCIES:
  - KPFrameworkObjC (from `../`)

SPEC REPOS:
  https://mirrors.tuna.tsinghua.edu.cn/git/CocoaPods/Specs.git:
    - Reachability

EXTERNAL SOURCES:
  KPFrameworkObjC:
    :path: "../"

SPEC CHECKSUMS:
  KPFrameworkObjC: 3bd944abac4d04a4be5507b82797025bd3134799
  Reachability: 33e18b67625424e47b6cde6d202dce689ad7af96

PODFILE CHECKSUM: 2e027471f518ee08f09230728f351c651e4f7553

COCOAPODS: 1.10.1
